
Microsoft Visual Studio Solution File, Format Version 12.00
# Visual Studio Version 16
VisualStudioVersion = 16.0.30002.166
MinimumVisualStudioVersion = 10.0.40219.1
Project("{FAE04EC0-301F-11D3-BF4B-00C04F79EFBC}") = "POiG-Projekt", "POiG-Projekt.csproj", "{2D235902-191E-448B-A5F0-41D06EE9C91C}"
EndProject
Global
	GlobalSection(SolutionConfigurationPlatforms) = preSolution
		Debug|Any CPU = Debug|Any CPU
		Release|Any CPU = Release|Any CPU
	EndGlobalSection
	GlobalSection(ProjectConfigurationPlatforms) = postSolution
		{2D235902-191E-448B-A5F0-41D06EE9C91C}.Debug|Any CPU.ActiveCfg = Debug|Any CPU
		{2D235902-191E-448B-A5F0-41D06EE9C91C}.Debug|Any CPU.Build.0 = Debug|Any CPU
		{2D235902-191E-448B-A5F0-41D06EE9C91C}.Release|Any CPU.ActiveCfg = Release|Any CPU
		{2D235902-191E-448B-A5F0-41D06EE9C91C}.Release|Any CPU.Build.0 = Release|Any CPU
	EndGlobalSection
	GlobalSection(SolutionProperties) = preSolution
		HideSolutionNode = FALSE
	EndGlobalSection
	GlobalSection(ExtensibilityGlobals) = postSolution
		SolutionGuid = {F5126966-B32D-42D1-9E3E-A754754B7538}
	EndGlobalSection
EndGlobal
